// !$*UTF8*$!
{
	archiveVersion = 1;
	classes = {
	};
	objectVersion = 46;
	objects = {

/* Begin PBXBuildFile section */
		5215A7921AE5700E00F1AECE /* Info.plist in Resources */ = {isa = PBXBuildFile; fileRef = 5215A7911AE5700E00F1AECE /* Info.plist */; };
		5215A7951AE5729100F1AECE /* FBSDKCoreKit.framework in Frameworks */ = {isa = PBXBuildFile; fileRef = 5215A7931AE5729100F1AECE /* FBSDKCoreKit.framework */; };
		5215A7961AE5729100F1AECE /* FBSDKLoginKit.framework in Frameworks */ = {isa = PBXBuildFile; fileRef = 5215A7941AE5729100F1AECE /* FBSDKLoginKit.framework */; };
		5215A7981AE5729C00F1AECE /* FBSDKShareKit.framework in Frameworks */ = {isa = PBXBuildFile; fileRef = 5215A7971AE5729C00F1AECE /* FBSDKShareKit.framework */; };
		5239D8781ADD750C00DBD0F6 /* RegistroEgresoDetalleViewController.m in Sources */ = {isa = PBXBuildFile; fileRef = 5239D8771ADD750C00DBD0F6 /* RegistroEgresoDetalleViewController.m */; };
		523DA67D1ADCC397009A694E /* ReporteDetalleViewController.m in Sources */ = {isa = PBXBuildFile; fileRef = 523DA67C1ADCC397009A694E /* ReporteDetalleViewController.m */; };
		523DA6801ADCC647009A694E /* ReporteDetalle2ViewController.m in Sources */ = {isa = PBXBuildFile; fileRef = 523DA67F1ADCC647009A694E /* ReporteDetalle2ViewController.m */; };
		523DA68A1ADCC975009A694E /* RegistroIngresoDetalleViewController.m in Sources */ = {isa = PBXBuildFile; fileRef = 523DA6891ADCC975009A694E /* RegistroIngresoDetalleViewController.m */; };
		523DA6901ADCDE92009A694E /* SeleccionModificarViewController.m in Sources */ = {isa = PBXBuildFile; fileRef = 523DA68F1ADCDE92009A694E /* SeleccionModificarViewController.m */; };
		523DA6951ADCE401009A694E /* ListadoGastosViewController.m in Sources */ = {isa = PBXBuildFile; fileRef = 523DA6941ADCE401009A694E /* ListadoGastosViewController.m */; };
		523DA6981ADCE4A4009A694E /* ModificarViewController.m in Sources */ = {isa = PBXBuildFile; fileRef = 523DA6971ADCE4A4009A694E /* ModificarViewController.m */; };
		5271C2571AE596130076EE67 /* BEMCircle.m in Sources */ = {isa = PBXBuildFile; fileRef = 5271C2521AE596130076EE67 /* BEMCircle.m */; };
		5271C2581AE596130076EE67 /* BEMLine.m in Sources */ = {isa = PBXBuildFile; fileRef = 5271C2541AE596130076EE67 /* BEMLine.m */; };
		5271C2591AE596130076EE67 /* BEMSimpleLineGraphView.m in Sources */ = {isa = PBXBuildFile; fileRef = 5271C2561AE596130076EE67 /* BEMSimpleLineGraphView.m */; };
		52A149511ADB1F9E008C979B /* SideBarViewController.m in Sources */ = {isa = PBXBuildFile; fileRef = 52A149501ADB1F9E008C979B /* SideBarViewController.m */; };
		52A149541ADB204F008C979B /* LoginViewController.m in Sources */ = {isa = PBXBuildFile; fileRef = 52A149531ADB204F008C979B /* LoginViewController.m */; };
		52A149571ADB2080008C979B /* MainViewController.m in Sources */ = {isa = PBXBuildFile; fileRef = 52A149561ADB2080008C979B /* MainViewController.m */; };
		52A1495D1ADB2318008C979B /* SWRevealViewController.m in Sources */ = {isa = PBXBuildFile; fileRef = 52A1495C1ADB2318008C979B /* SWRevealViewController.m */; };
		52A149701ADB5ED1008C979B /* RegistroIngresoViewController.m in Sources */ = {isa = PBXBuildFile; fileRef = 52A1496F1ADB5ED1008C979B /* RegistroIngresoViewController.m */; };
		52A149731ADB6603008C979B /* RegistroEgresoViewController.m in Sources */ = {isa = PBXBuildFile; fileRef = 52A149721ADB6603008C979B /* RegistroEgresoViewController.m */; };
		52A149781ADB6D42008C979B /* VerReporteViewController.m in Sources */ = {isa = PBXBuildFile; fileRef = 52A149771ADB6D42008C979B /* VerReporteViewController.m */; };
		52E63EBB1ADB10F600916850 /* main.m in Sources */ = {isa = PBXBuildFile; fileRef = 52E63EBA1ADB10F600916850 /* main.m */; };
		52E63EBE1ADB10F600916850 /* AppDelegate.m in Sources */ = {isa = PBXBuildFile; fileRef = 52E63EBD1ADB10F600916850 /* AppDelegate.m */; };
		52E63EC41ADB10F600916850 /* Main.storyboard in Resources */ = {isa = PBXBuildFile; fileRef = 52E63EC21ADB10F600916850 /* Main.storyboard */; };
		52E63EC61ADB10F600916850 /* Images.xcassets in Resources */ = {isa = PBXBuildFile; fileRef = 52E63EC51ADB10F600916850 /* Images.xcassets */; };
		52E63EC91ADB10F600916850 /* LaunchScreen.xib in Resources */ = {isa = PBXBuildFile; fileRef = 52E63EC71ADB10F600916850 /* LaunchScreen.xib */; };
		52E63ED51ADB10F600916850 /* ProyectoCuentaGastosTests.m in Sources */ = {isa = PBXBuildFile; fileRef = 52E63ED41ADB10F600916850 /* ProyectoCuentaGastosTests.m */; };
/* End PBXBuildFile section */

/* Begin PBXContainerItemProxy section */
		52E63ECF1ADB10F600916850 /* PBXContainerItemProxy */ = {
			isa = PBXContainerItemProxy;
			containerPortal = 52E63EAD1ADB10F500916850 /* Project object */;
			proxyType = 1;
			remoteGlobalIDString = 52E63EB41ADB10F500916850;
			remoteInfo = ProyectoCuentaGastos;
		};
/* End PBXContainerItemProxy section */

/* Begin PBXFileReference section */
		5215A7911AE5700E00F1AECE /* Info.plist */ = {isa = PBXFileReference; fileEncoding = 4; lastKnownFileType = text.plist.xml; name = Info.plist; path = ProyectoCuentaGastosTests/Info.plist; sourceTree = SOURCE_ROOT; };
		5215A7931AE5729100F1AECE /* FBSDKCoreKit.framework */ = {isa = PBXFileReference; lastKnownFileType = wrapper.framework; name = FBSDKCoreKit.framework; path = ../../FacebookSDK/FBSDKCoreKit.framework; sourceTree = "<group>"; };
		5215A7941AE5729100F1AECE /* FBSDKLoginKit.framework */ = {isa = PBXFileReference; lastKnownFileType = wrapper.framework; name = FBSDKLoginKit.framework; path = ../../FacebookSDK/FBSDKLoginKit.framework; sourceTree = "<group>"; };
		5215A7971AE5729C00F1AECE /* FBSDKShareKit.framework */ = {isa = PBXFileReference; lastKnownFileType = wrapper.framework; name = FBSDKShareKit.framework; path = ../../FacebookSDK/FBSDKShareKit.framework; sourceTree = "<group>"; };
		5239D8761ADD750500DBD0F6 /* RegistroEgresoDetalleViewController.h */ = {isa = PBXFileReference; lastKnownFileType = sourcecode.c.h; path = RegistroEgresoDetalleViewController.h; sourceTree = "<group>"; };
		5239D8771ADD750C00DBD0F6 /* RegistroEgresoDetalleViewController.m */ = {isa = PBXFileReference; fileEncoding = 4; lastKnownFileType = sourcecode.c.objc; path = RegistroEgresoDetalleViewController.m; sourceTree = "<group>"; };
		523DA67B1ADCC397009A694E /* ReporteDetalleViewController.h */ = {isa = PBXFileReference; fileEncoding = 4; lastKnownFileType = sourcecode.c.h; path = ReporteDetalleViewController.h; sourceTree = "<group>"; };
		523DA67C1ADCC397009A694E /* ReporteDetalleViewController.m */ = {isa = PBXFileReference; fileEncoding = 4; lastKnownFileType = sourcecode.c.objc; path = ReporteDetalleViewController.m; sourceTree = "<group>"; };
		523DA67E1ADCC647009A694E /* ReporteDetalle2ViewController.h */ = {isa = PBXFileReference; fileEncoding = 4; lastKnownFileType = sourcecode.c.h; path = ReporteDetalle2ViewController.h; sourceTree = "<group>"; };
		523DA67F1ADCC647009A694E /* ReporteDetalle2ViewController.m */ = {isa = PBXFileReference; fileEncoding = 4; lastKnownFileType = sourcecode.c.objc; path = ReporteDetalle2ViewController.m; sourceTree = "<group>"; };
		523DA6881ADCC975009A694E /* RegistroIngresoDetalleViewController.h */ = {isa = PBXFileReference; fileEncoding = 4; lastKnownFileType = sourcecode.c.h; path = RegistroIngresoDetalleViewController.h; sourceTree = "<group>"; };
		523DA6891ADCC975009A694E /* RegistroIngresoDetalleViewController.m */ = {isa = PBXFileReference; fileEncoding = 4; lastKnownFileType = sourcecode.c.objc; path = RegistroIngresoDetalleViewController.m; sourceTree = "<group>"; };
		523DA68E1ADCDE92009A694E /* SeleccionModificarViewController.h */ = {isa = PBXFileReference; fileEncoding = 4; lastKnownFileType = sourcecode.c.h; path = SeleccionModificarViewController.h; sourceTree = "<group>"; };
		523DA68F1ADCDE92009A694E /* SeleccionModificarViewController.m */ = {isa = PBXFileReference; fileEncoding = 4; lastKnownFileType = sourcecode.c.objc; path = SeleccionModificarViewController.m; sourceTree = "<group>"; };
		523DA6931ADCE401009A694E /* ListadoGastosViewController.h */ = {isa = PBXFileReference; fileEncoding = 4; lastKnownFileType = sourcecode.c.h; path = ListadoGastosViewController.h; sourceTree = "<group>"; };
		523DA6941ADCE401009A694E /* ListadoGastosViewController.m */ = {isa = PBXFileReference; fileEncoding = 4; lastKnownFileType = sourcecode.c.objc; path = ListadoGastosViewController.m; sourceTree = "<group>"; };
		523DA6961ADCE4A4009A694E /* ModificarViewController.h */ = {isa = PBXFileReference; fileEncoding = 4; lastKnownFileType = sourcecode.c.h; path = ModificarViewController.h; sourceTree = "<group>"; };
		523DA6971ADCE4A4009A694E /* ModificarViewController.m */ = {isa = PBXFileReference; fileEncoding = 4; lastKnownFileType = sourcecode.c.objc; path = ModificarViewController.m; sourceTree = "<group>"; };
		5271C2511AE596130076EE67 /* BEMCircle.h */ = {isa = PBXFileReference; fileEncoding = 4; lastKnownFileType = sourcecode.c.h; path = BEMCircle.h; sourceTree = "<group>"; };
		5271C2521AE596130076EE67 /* BEMCircle.m */ = {isa = PBXFileReference; fileEncoding = 4; lastKnownFileType = sourcecode.c.objc; path = BEMCircle.m; sourceTree = "<group>"; };
		5271C2531AE596130076EE67 /* BEMLine.h */ = {isa = PBXFileReference; fileEncoding = 4; lastKnownFileType = sourcecode.c.h; path = BEMLine.h; sourceTree = "<group>"; };
		5271C2541AE596130076EE67 /* BEMLine.m */ = {isa = PBXFileReference; fileEncoding = 4; lastKnownFileType = sourcecode.c.objc; path = BEMLine.m; sourceTree = "<group>"; };
		5271C2551AE596130076EE67 /* BEMSimpleLineGraphView.h */ = {isa = PBXFileReference; fileEncoding = 4; lastKnownFileType = sourcecode.c.h; path = BEMSimpleLineGraphView.h; sourceTree = "<group>"; };
		5271C2561AE596130076EE67 /* BEMSimpleLineGraphView.m */ = {isa = PBXFileReference; fileEncoding = 4; lastKnownFileType = sourcecode.c.objc; path = BEMSimpleLineGraphView.m; sourceTree = "<group>"; };
		52A1494F1ADB1F9E008C979B /* SideBarViewController.h */ = {isa = PBXFileReference; fileEncoding = 4; lastKnownFileType = sourcecode.c.h; path = SideBarViewController.h; sourceTree = "<group>"; };
		52A149501ADB1F9E008C979B /* SideBarViewController.m */ = {isa = PBXFileReference; fileEncoding = 4; lastKnownFileType = sourcecode.c.objc; path = SideBarViewController.m; sourceTree = "<group>"; };
		52A149521ADB204F008C979B /* LoginViewController.h */ = {isa = PBXFileReference; fileEncoding = 4; lastKnownFileType = sourcecode.c.h; path = LoginViewController.h; sourceTree = "<group>"; };
		52A149531ADB204F008C979B /* LoginViewController.m */ = {isa = PBXFileReference; fileEncoding = 4; lastKnownFileType = sourcecode.c.objc; path = LoginViewController.m; sourceTree = "<group>"; };
		52A149551ADB2080008C979B /* MainViewController.h */ = {isa = PBXFileReference; fileEncoding = 4; lastKnownFileType = sourcecode.c.h; path = MainViewController.h; sourceTree = "<group>"; };
		52A149561ADB2080008C979B /* MainViewController.m */ = {isa = PBXFileReference; fileEncoding = 4; lastKnownFileType = sourcecode.c.objc; path = MainViewController.m; sourceTree = "<group>"; };
		52A1495B1ADB22C4008C979B /* SWRevealViewController.h */ = {isa = PBXFileReference; lastKnownFileType = sourcecode.c.h; path = SWRevealViewController.h; sourceTree = "<group>"; };
		52A1495C1ADB2318008C979B /* SWRevealViewController.m */ = {isa = PBXFileReference; fileEncoding = 4; lastKnownFileType = sourcecode.c.objc; path = SWRevealViewController.m; sourceTree = "<group>"; };
		52A1496E1ADB5ED1008C979B /* RegistroIngresoViewController.h */ = {isa = PBXFileReference; fileEncoding = 4; lastKnownFileType = sourcecode.c.h; path = RegistroIngresoViewController.h; sourceTree = "<group>"; };
		52A1496F1ADB5ED1008C979B /* RegistroIngresoViewController.m */ = {isa = PBXFileReference; fileEncoding = 4; lastKnownFileType = sourcecode.c.objc; path = RegistroIngresoViewController.m; sourceTree = "<group>"; };
		52A149711ADB6603008C979B /* RegistroEgresoViewController.h */ = {isa = PBXFileReference; fileEncoding = 4; lastKnownFileType = sourcecode.c.h; path = RegistroEgresoViewController.h; sourceTree = "<group>"; };
		52A149721ADB6603008C979B /* RegistroEgresoViewController.m */ = {isa = PBXFileReference; fileEncoding = 4; lastKnownFileType = sourcecode.c.objc; path = RegistroEgresoViewController.m; sourceTree = "<group>"; };
		52A149761ADB6D42008C979B /* VerReporteViewController.h */ = {isa = PBXFileReference; fileEncoding = 4; lastKnownFileType = sourcecode.c.h; path = VerReporteViewController.h; sourceTree = "<group>"; };
		52A149771ADB6D42008C979B /* VerReporteViewController.m */ = {isa = PBXFileReference; fileEncoding = 4; lastKnownFileType = sourcecode.c.objc; path = VerReporteViewController.m; sourceTree = "<group>"; };
		52E63EB51ADB10F500916850 /* ProyectoCuentaGastos.app */ = {isa = PBXFileReference; explicitFileType = wrapper.application; includeInIndex = 0; path = ProyectoCuentaGastos.app; sourceTree = BUILT_PRODUCTS_DIR; };
		52E63EB91ADB10F500916850 /* Info.plist */ = {isa = PBXFileReference; lastKnownFileType = text.plist.xml; name = Info.plist; path = ../ProyectoCuentaGastos/Info.plist; sourceTree = "<group>"; };
		52E63EBA1ADB10F600916850 /* main.m */ = {isa = PBXFileReference; lastKnownFileType = sourcecode.c.objc; path = main.m; sourceTree = "<group>"; };
		52E63EBC1ADB10F600916850 /* AppDelegate.h */ = {isa = PBXFileReference; lastKnownFileType = sourcecode.c.h; path = AppDelegate.h; sourceTree = "<group>"; };
		52E63EBD1ADB10F600916850 /* AppDelegate.m */ = {isa = PBXFileReference; lastKnownFileType = sourcecode.c.objc; path = AppDelegate.m; sourceTree = "<group>"; };
		52E63EC31ADB10F600916850 /* Base */ = {isa = PBXFileReference; lastKnownFileType = file.storyboard; name = Base; path = Base.lproj/Main.storyboard; sourceTree = "<group>"; };
		52E63EC51ADB10F600916850 /* Images.xcassets */ = {isa = PBXFileReference; lastKnownFileType = folder.assetcatalog; path = Images.xcassets; sourceTree = "<group>"; };
		52E63EC81ADB10F600916850 /* Base */ = {isa = PBXFileReference; lastKnownFileType = file.xib; name = Base; path = Base.lproj/LaunchScreen.xib; sourceTree = "<group>"; };
		52E63ECE1ADB10F600916850 /* ProyectoCuentaGastosTests.xctest */ = {isa = PBXFileReference; explicitFileType = wrapper.cfbundle; includeInIndex = 0; path = ProyectoCuentaGastosTests.xctest; sourceTree = BUILT_PRODUCTS_DIR; };
		52E63ED41ADB10F600916850 /* ProyectoCuentaGastosTests.m */ = {isa = PBXFileReference; lastKnownFileType = sourcecode.c.objc; path = ProyectoCuentaGastosTests.m; sourceTree = "<group>"; };
/* End PBXFileReference section */

/* Begin PBXFrameworksBuildPhase section */
		52E63EB21ADB10F500916850 /* Frameworks */ = {
			isa = PBXFrameworksBuildPhase;
			buildActionMask = 2147483647;
			files = (
				5215A7961AE5729100F1AECE /* FBSDKLoginKit.framework in Frameworks */,
				5215A7951AE5729100F1AECE /* FBSDKCoreKit.framework in Frameworks */,
				5215A7981AE5729C00F1AECE /* FBSDKShareKit.framework in Frameworks */,
			);
			runOnlyForDeploymentPostprocessing = 0;
		};
		52E63ECB1ADB10F600916850 /* Frameworks */ = {
			isa = PBXFrameworksBuildPhase;
			buildActionMask = 2147483647;
			files = (
			);
			runOnlyForDeploymentPostprocessing = 0;
		};
/* End PBXFrameworksBuildPhase section */

/* Begin PBXGroup section */
		523DA6811ADCC857009A694E /* Login */ = {
			isa = PBXGroup;
			children = (
				52A149521ADB204F008C979B /* LoginViewController.h */,
				52A149531ADB204F008C979B /* LoginViewController.m */,
			);
			name = Login;
			sourceTree = "<group>";
		};
		523DA6821ADCC86E009A694E /* RegistroIngreso/Egreso */ = {
			isa = PBXGroup;
			children = (
				5239D8761ADD750500DBD0F6 /* RegistroEgresoDetalleViewController.h */,
				5239D8771ADD750C00DBD0F6 /* RegistroEgresoDetalleViewController.m */,
				523DA6881ADCC975009A694E /* RegistroIngresoDetalleViewController.h */,
				523DA6891ADCC975009A694E /* RegistroIngresoDetalleViewController.m */,
				52A149711ADB6603008C979B /* RegistroEgresoViewController.h */,
				52A1496E1ADB5ED1008C979B /* RegistroIngresoViewController.h */,
				52A149721ADB6603008C979B /* RegistroEgresoViewController.m */,
				52A1496F1ADB5ED1008C979B /* RegistroIngresoViewController.m */,
			);
			name = RegistroIngreso/Egreso;
			sourceTree = "<group>";
		};
		523DA6831ADCC89A009A694E /* Menu */ = {
			isa = PBXGroup;
			children = (
				52A1494F1ADB1F9E008C979B /* SideBarViewController.h */,
				52A149501ADB1F9E008C979B /* SideBarViewController.m */,
				52A1495B1ADB22C4008C979B /* SWRevealViewController.h */,
				52A1495C1ADB2318008C979B /* SWRevealViewController.m */,
			);
			name = Menu;
			sourceTree = "<group>";
		};
		523DA6841ADCC8D9009A694E /* Ver Reporte */ = {
			isa = PBXGroup;
			children = (
				52A149761ADB6D42008C979B /* VerReporteViewController.h */,
				52A149771ADB6D42008C979B /* VerReporteViewController.m */,
			);
			name = "Ver Reporte";
			sourceTree = "<group>";
		};
		523DA6851ADCC905009A694E /* Reporte Detallado */ = {
			isa = PBXGroup;
			children = (
				523DA67B1ADCC397009A694E /* ReporteDetalleViewController.h */,
				523DA67C1ADCC397009A694E /* ReporteDetalleViewController.m */,
			);
			name = "Reporte Detallado";
			sourceTree = "<group>";
		};
		523DA6861ADCC92B009A694E /* Lista Desglose Reporte Detallado */ = {
			isa = PBXGroup;
			children = (
				523DA67E1ADCC647009A694E /* ReporteDetalle2ViewController.h */,
				523DA67F1ADCC647009A694E /* ReporteDetalle2ViewController.m */,
			);
			name = "Lista Desglose Reporte Detallado";
			sourceTree = "<group>";
		};
		523DA6871ADCC939009A694E /* Pantalla Inicio */ = {
			isa = PBXGroup;
			children = (
				52A149561ADB2080008C979B /* MainViewController.m */,
				52A149551ADB2080008C979B /* MainViewController.h */,
			);
			name = "Pantalla Inicio";
			sourceTree = "<group>";
		};
		523DA6921ADCDEA3009A694E /* Modificar informacion */ = {
			isa = PBXGroup;
			children = (
				523DA6961ADCE4A4009A694E /* ModificarViewController.h */,
				523DA6971ADCE4A4009A694E /* ModificarViewController.m */,
				523DA6931ADCE401009A694E /* ListadoGastosViewController.h */,
				523DA6941ADCE401009A694E /* ListadoGastosViewController.m */,
				523DA68E1ADCDE92009A694E /* SeleccionModificarViewController.h */,
				523DA68F1ADCDE92009A694E /* SeleccionModificarViewController.m */,
			);
			name = "Modificar informacion";
			sourceTree = "<group>";
		};
		5271C2501AE596050076EE67 /* BEM Files */ = {
			isa = PBXGroup;
			children = (
				5271C2511AE596130076EE67 /* BEMCircle.h */,
				5271C2521AE596130076EE67 /* BEMCircle.m */,
				5271C2531AE596130076EE67 /* BEMLine.h */,
				5271C2541AE596130076EE67 /* BEMLine.m */,
				5271C2551AE596130076EE67 /* BEMSimpleLineGraphView.h */,
				5271C2561AE596130076EE67 /* BEMSimpleLineGraphView.m */,
			);
			name = "BEM Files";
			sourceTree = "<group>";
		};
		52E63EAC1ADB10F500916850 = {
			isa = PBXGroup;
			children = (
				52E63EB71ADB10F500916850 /* ProyectoCuentaGastos */,
				52E63ED11ADB10F600916850 /* ProyectoCuentaGastosTests */,
				52E63EB61ADB10F500916850 /* Products */,
			);
			sourceTree = "<group>";
		};
		52E63EB61ADB10F500916850 /* Products */ = {
			isa = PBXGroup;
			children = (
				52E63EB51ADB10F500916850 /* ProyectoCuentaGastos.app */,
				52E63ECE1ADB10F600916850 /* ProyectoCuentaGastosTests.xctest */,
			);
			name = Products;
			sourceTree = "<group>";
		};
		52E63EB71ADB10F500916850 /* ProyectoCuentaGastos */ = {
			isa = PBXGroup;
			children = (
				5271C2501AE596050076EE67 /* BEM Files */,
				5215A7971AE5729C00F1AECE /* FBSDKShareKit.framework */,
				5215A7931AE5729100F1AECE /* FBSDKCoreKit.framework */,
				5215A7941AE5729100F1AECE /* FBSDKLoginKit.framework */,
				52E63EBC1ADB10F600916850 /* AppDelegate.h */,
				52E63EBD1ADB10F600916850 /* AppDelegate.m */,
				52E63EC21ADB10F600916850 /* Main.storyboard */,
				523DA6921ADCDEA3009A694E /* Modificar informacion */,
				523DA6831ADCC89A009A694E /* Menu */,
				523DA6841ADCC8D9009A694E /* Ver Reporte */,
				523DA6811ADCC857009A694E /* Login */,
				523DA6821ADCC86E009A694E /* RegistroIngreso/Egreso */,
				523DA6871ADCC939009A694E /* Pantalla Inicio */,
				523DA6861ADCC92B009A694E /* Lista Desglose Reporte Detallado */,
				523DA6851ADCC905009A694E /* Reporte Detallado */,
				52E63EC51ADB10F600916850 /* Images.xcassets */,
				52E63EC71ADB10F600916850 /* LaunchScreen.xib */,
				52E63EB81ADB10F500916850 /* Supporting Files */,
			);
			path = ProyectoCuentaGastos;
			sourceTree = "<group>";
		};
		52E63EB81ADB10F500916850 /* Supporting Files */ = {
			isa = PBXGroup;
			children = (
				5215A7911AE5700E00F1AECE /* Info.plist */,
				52E63EBA1ADB10F600916850 /* main.m */,
			);
			name = "Supporting Files";
			sourceTree = "<group>";
		};
		52E63ED11ADB10F600916850 /* ProyectoCuentaGastosTests */ = {
			isa = PBXGroup;
			children = (
				52E63ED41ADB10F600916850 /* ProyectoCuentaGastosTests.m */,
				52E63ED21ADB10F600916850 /* Supporting Files */,
			);
			path = ProyectoCuentaGastosTests;
			sourceTree = "<group>";
		};
		52E63ED21ADB10F600916850 /* Supporting Files */ = {
			isa = PBXGroup;
			children = (
				52E63EB91ADB10F500916850 /* Info.plist */,
			);
			name = "Supporting Files";
			sourceTree = "<group>";
		};
/* End PBXGroup section */

/* Begin PBXNativeTarget section */
		52E63EB41ADB10F500916850 /* ProyectoCuentaGastos */ = {
			isa = PBXNativeTarget;
			buildConfigurationList = 52E63ED81ADB10F600916850 /* Build configuration list for PBXNativeTarget "ProyectoCuentaGastos" */;
			buildPhases = (
				52E63EB11ADB10F500916850 /* Sources */,
				52E63EB21ADB10F500916850 /* Frameworks */,
				52E63EB31ADB10F500916850 /* Resources */,
			);
			buildRules = (
			);
			dependencies = (
			);
			name = ProyectoCuentaGastos;
			productName = ProyectoCuentaGastos;
			productReference = 52E63EB51ADB10F500916850 /* ProyectoCuentaGastos.app */;
			productType = "com.apple.product-type.application";
		};
		52E63ECD1ADB10F600916850 /* ProyectoCuentaGastosTests */ = {
			isa = PBXNativeTarget;
			buildConfigurationList = 52E63EDB1ADB10F600916850 /* Build configuration list for PBXNativeTarget "ProyectoCuentaGastosTests" */;
			buildPhases = (
				52E63ECA1ADB10F600916850 /* Sources */,
				52E63ECB1ADB10F600916850 /* Frameworks */,
				52E63ECC1ADB10F600916850 /* Resources */,
			);
			buildRules = (
			);
			dependencies = (
				52E63ED01ADB10F600916850 /* PBXTargetDependency */,
			);
			name = ProyectoCuentaGastosTests;
			productName = ProyectoCuentaGastosTests;
			productReference = 52E63ECE1ADB10F600916850 /* ProyectoCuentaGastosTests.xctest */;
			productType = "com.apple.product-type.bundle.unit-test";
		};
/* End PBXNativeTarget section */

/* Begin PBXProject section */
		52E63EAD1ADB10F500916850 /* Project object */ = {
			isa = PBXProject;
			attributes = {
				LastUpgradeCheck = 0630;
				ORGANIZATIONNAME = "Martha Garcia Contreras";
				TargetAttributes = {
					52E63EB41ADB10F500916850 = {
						CreatedOnToolsVersion = 6.3;
					};
					52E63ECD1ADB10F600916850 = {
						CreatedOnToolsVersion = 6.3;
						TestTargetID = 52E63EB41ADB10F500916850;
					};
				};
			};
			buildConfigurationList = 52E63EB01ADB10F500916850 /* Build configuration list for PBXProject "ProyectoCuentaGastos" */;
			compatibilityVersion = "Xcode 3.2";
			developmentRegion = English;
			hasScannedForEncodings = 0;
			knownRegions = (
				en,
				Base,
			);
			mainGroup = 52E63EAC1ADB10F500916850;
			productRefGroup = 52E63EB61ADB10F500916850 /* Products */;
			projectDirPath = "";
			projectRoot = "";
			targets = (
				52E63EB41ADB10F500916850 /* ProyectoCuentaGastos */,
				52E63ECD1ADB10F600916850 /* ProyectoCuentaGastosTests */,
			);
		};
/* End PBXProject section */

/* Begin PBXResourcesBuildPhase section */
		52E63EB31ADB10F500916850 /* Resources */ = {
			isa = PBXResourcesBuildPhase;
			buildActionMask = 2147483647;
			files = (
				52E63EC41ADB10F600916850 /* Main.storyboard in Resources */,
				52E63EC91ADB10F600916850 /* LaunchScreen.xib in Resources */,
				52E63EC61ADB10F600916850 /* Images.xcassets in Resources */,
			);
			runOnlyForDeploymentPostprocessing = 0;
		};
		52E63ECC1ADB10F600916850 /* Resources */ = {
			isa = PBXResourcesBuildPhase;
			buildActionMask = 2147483647;
			files = (
				5215A7921AE5700E00F1AECE /* Info.plist in Resources */,
			);
			runOnlyForDeploymentPostprocessing = 0;
		};
/* End PBXResourcesBuildPhase section */

/* Begin PBXSourcesBuildPhase section */
		52E63EB11ADB10F500916850 /* Sources */ = {
			isa = PBXSourcesBuildPhase;
			buildActionMask = 2147483647;
			files = (
				52A149541ADB204F008C979B /* LoginViewController.m in Sources */,
				523DA6981ADCE4A4009A694E /* ModificarViewController.m in Sources */,
				523DA6801ADCC647009A694E /* ReporteDetalle2ViewController.m in Sources */,
				523DA6951ADCE401009A694E /* ListadoGastosViewController.m in Sources */,
				52A149511ADB1F9E008C979B /* SideBarViewController.m in Sources */,
				52E63EBE1ADB10F600916850 /* AppDelegate.m in Sources */,
				52A149701ADB5ED1008C979B /* RegistroIngresoViewController.m in Sources */,
				523DA68A1ADCC975009A694E /* RegistroIngresoDetalleViewController.m in Sources */,
				523DA6901ADCDE92009A694E /* SeleccionModificarViewController.m in Sources */,
				52A149781ADB6D42008C979B /* VerReporteViewController.m in Sources */,
				52A149731ADB6603008C979B /* RegistroEgresoViewController.m in Sources */,
				523DA67D1ADCC397009A694E /* ReporteDetalleViewController.m in Sources */,
				5271C2571AE596130076EE67 /* BEMCircle.m in Sources */,
				52A149571ADB2080008C979B /* MainViewController.m in Sources */,
				5271C2581AE596130076EE67 /* BEMLine.m in Sources */,
				52E63EBB1ADB10F600916850 /* main.m in Sources */,
				5239D8781ADD750C00DBD0F6 /* RegistroEgresoDetalleViewController.m in Sources */,
				52A1495D1ADB2318008C979B /* SWRevealViewController.m in Sources */,
				5271C2591AE596130076EE67 /* BEMSimpleLineGraphView.m in Sources */,
			);
			runOnlyForDeploymentPostprocessing = 0;
		};
		52E63ECA1ADB10F600916850 /* Sources */ = {
			isa = PBXSourcesBuildPhase;
			buildActionMask = 2147483647;
			files = (
				52E63ED51ADB10F600916850 /* ProyectoCuentaGastosTests.m in Sources */,
			);
			runOnlyForDeploymentPostprocessing = 0;
		};
/* End PBXSourcesBuildPhase section */

/* Begin PBXTargetDependency section */
		52E63ED01ADB10F600916850 /* PBXTargetDependency */ = {
			isa = PBXTargetDependency;
			target = 52E63EB41ADB10F500916850 /* ProyectoCuentaGastos */;
			targetProxy = 52E63ECF1ADB10F600916850 /* PBXContainerItemProxy */;
		};
/* End PBXTargetDependency section */

/* Begin PBXVariantGroup section */
		52E63EC21ADB10F600916850 /* Main.storyboard */ = {
			isa = PBXVariantGroup;
			children = (
				52E63EC31ADB10F600916850 /* Base */,
			);
			name = Main.storyboard;
			sourceTree = "<group>";
		};
		52E63EC71ADB10F600916850 /* LaunchScreen.xib */ = {
			isa = PBXVariantGroup;
			children = (
				52E63EC81ADB10F600916850 /* Base */,
			);
			name = LaunchScreen.xib;
			sourceTree = "<group>";
		};
/* End PBXVariantGroup section */

/* Begin XCBuildConfiguration section */
		52E63ED61ADB10F600916850 /* Debug */ = {
			isa = XCBuildConfiguration;
			buildSettings = {
				ALWAYS_SEARCH_USER_PATHS = NO;
				CLANG_CXX_LANGUAGE_STANDARD = "gnu++0x";
				CLANG_CXX_LIBRARY = "libc++";
				CLANG_ENABLE_MODULES = YES;
				CLANG_ENABLE_OBJC_ARC = YES;
				CLANG_WARN_BOOL_CONVERSION = YES;
				CLANG_WARN_CONSTANT_CONVERSION = YES;
				CLANG_WARN_DIRECT_OBJC_ISA_USAGE = YES_ERROR;
				CLANG_WARN_EMPTY_BODY = YES;
				CLANG_WARN_ENUM_CONVERSION = YES;
				CLANG_WARN_INT_CONVERSION = YES;
				CLANG_WARN_OBJC_ROOT_CLASS = YES_ERROR;
				CLANG_WARN_UNREACHABLE_CODE = YES;
				CLANG_WARN__DUPLICATE_METHOD_MATCH = YES;
				"CODE_SIGN_IDENTITY[sdk=iphoneos*]" = "iPhone Developer";
				COPY_PHASE_STRIP = NO;
				DEBUG_INFORMATION_FORMAT = "dwarf-with-dsym";
				ENABLE_STRICT_OBJC_MSGSEND = YES;
				GCC_C_LANGUAGE_STANDARD = gnu99;
				GCC_DYNAMIC_NO_PIC = NO;
				GCC_NO_COMMON_BLOCKS = YES;
				GCC_OPTIMIZATION_LEVEL = 0;
				GCC_PREPROCESSOR_DEFINITIONS = (
					"DEBUG=1",
					"$(inherited)",
				);
				GCC_SYMBOLS_PRIVATE_EXTERN = NO;
				GCC_WARN_64_TO_32_BIT_CONVERSION = YES;
				GCC_WARN_ABOUT_RETURN_TYPE = YES_ERROR;
				GCC_WARN_UNDECLARED_SELECTOR = YES;
				GCC_WARN_UNINITIALIZED_AUTOS = YES_AGGRESSIVE;
				GCC_WARN_UNUSED_FUNCTION = YES;
				GCC_WARN_UNUSED_VARIABLE = YES;
				IPHONEOS_DEPLOYMENT_TARGET = 8.3;
				MTL_ENABLE_DEBUG_INFO = YES;
				ONLY_ACTIVE_ARCH = YES;
				SDKROOT = iphoneos;
			};
			name = Debug;
		};
		52E63ED71ADB10F600916850 /* Release */ = {
			isa = XCBuildConfiguration;
			buildSettings = {
				ALWAYS_SEARCH_USER_PATHS = NO;
				CLANG_CXX_LANGUAGE_STANDARD = "gnu++0x";
				CLANG_CXX_LIBRARY = "libc++";
				CLANG_ENABLE_MODULES = YES;
				CLANG_ENABLE_OBJC_ARC = YES;
				CLANG_WARN_BOOL_CONVERSION = YES;
				CLANG_WARN_CONSTANT_CONVERSION = YES;
				CLANG_WARN_DIRECT_OBJC_ISA_USAGE = YES_ERROR;
				CLANG_WARN_EMPTY_BODY = YES;
				CLANG_WARN_ENUM_CONVERSION = YES;
				CLANG_WARN_INT_CONVERSION = YES;
				CLANG_WARN_OBJC_ROOT_CLASS = YES_ERROR;
				CLANG_WARN_UNREACHABLE_CODE = YES;
				CLANG_WARN__DUPLICATE_METHOD_MATCH = YES;
				"CODE_SIGN_IDENTITY[sdk=iphoneos*]" = "iPhone Developer";
				COPY_PHASE_STRIP = NO;
				DEBUG_INFORMATION_FORMAT = "dwarf-with-dsym";
				ENABLE_NS_ASSERTIONS = NO;
				ENABLE_STRICT_OBJC_MSGSEND = YES;
				GCC_C_LANGUAGE_STANDARD = gnu99;
				GCC_NO_COMMON_BLOCKS = YES;
				GCC_WARN_64_TO_32_BIT_CONVERSION = YES;
				GCC_WARN_ABOUT_RETURN_TYPE = YES_ERROR;
				GCC_WARN_UNDECLARED_SELECTOR = YES;
				GCC_WARN_UNINITIALIZED_AUTOS = YES_AGGRESSIVE;
				GCC_WARN_UNUSED_FUNCTION = YES;
				GCC_WARN_UNUSED_VARIABLE = YES;
				IPHONEOS_DEPLOYMENT_TARGET = 8.3;
				MTL_ENABLE_DEBUG_INFO = NO;
				SDKROOT = iphoneos;
				VALIDATE_PRODUCT = YES;
			};
			name = Release;
		};
		52E63ED91ADB10F600916850 /* Debug */ = {
			isa = XCBuildConfiguration;
			buildSettings = {
				ASSETCATALOG_COMPILER_APPICON_NAME = AppIcon;
				CLANG_ALLOW_NON_MODULAR_INCLUDES_IN_FRAMEWORK_MODULES = YES;
				FRAMEWORK_SEARCH_PATHS = (
					"$(inherited)",
					/Users/marthagarciacontreras/Documents/FacebookSDK,
				);
				INFOPLIST_FILE = ProyectoCuentaGastos/Info.plist;
				IPHONEOS_DEPLOYMENT_TARGET = 8.2;
				LD_RUNPATH_SEARCH_PATHS = "$(inherited) @executable_path/Frameworks";
				PRODUCT_NAME = "$(TARGET_NAME)";
			};
			name = Debug;
		};
		52E63EDA1ADB10F600916850 /* Release */ = {
			isa = XCBuildConfiguration;
			buildSettings = {
				ASSETCATALOG_COMPILER_APPICON_NAME = AppIcon;
				CLANG_ALLOW_NON_MODULAR_INCLUDES_IN_FRAMEWORK_MODULES = YES;
				FRAMEWORK_SEARCH_PATHS = (
					"$(inherited)",
					/Users/marthagarciacontreras/Documents/FacebookSDK,
				);
				INFOPLIST_FILE = ProyectoCuentaGastos/Info.plist;
				IPHONEOS_DEPLOYMENT_TARGET = 8.2;
				LD_RUNPATH_SEARCH_PATHS = "$(inherited) @executable_path/Frameworks";
				PRODUCT_NAME = "$(TARGET_NAME)";
			};
			name = Release;
		};
		52E63EDC1ADB10F600916850 /* Debug */ = {
			isa = XCBuildConfiguration;
			buildSettings = {
				BUNDLE_LOADER = "$(TEST_HOST)";
				FRAMEWORK_SEARCH_PATHS = (
					"$(SDKROOT)/Developer/Library/Frameworks",
					"$(inherited)",
				);
				GCC_PREPROCESSOR_DEFINITIONS = (
					"DEBUG=1",
					"$(inherited)",
				);
				INFOPLIST_FILE = ProyectoCuentaGastosTests/Info.plist;
				LD_RUNPATH_SEARCH_PATHS = "$(inherited) @executable_path/Frameworks @loader_path/Frameworks";
				PRODUCT_NAME = "$(TARGET_NAME)";
				TEST_HOST = "$(BUILT_PRODUCTS_DIR)/ProyectoCuentaGastos.app/ProyectoCuentaGastos";
			};
			name = Debug;
		};
		52E63EDD1ADB10F600916850 /* Release */ = {
			isa = XCBuildConfiguration;
			buildSettings = {
				BUNDLE_LOADER = "$(TEST_HOST)";
				FRAMEWORK_SEARCH_PATHS = (
					"$(SDKROOT)/Developer/Library/Frameworks",
					"$(inherited)",
				);
				INFOPLIST_FILE = ProyectoCuentaGastosTests/Info.plist;
				LD_RUNPATH_SEARCH_PATHS = "$(inherited) @executable_path/Frameworks @loader_path/Frameworks";
				PRODUCT_NAME = "$(TARGET_NAME)";
				TEST_HOST = "$(BUILT_PRODUCTS_DIR)/ProyectoCuentaGastos.app/ProyectoCuentaGastos";
			};
			name = Release;
		};
/* End XCBuildConfiguration section */

/* Begin XCConfigurationList section */
		52E63EB01ADB10F500916850 /* Build configuration list for PBXProject "ProyectoCuentaGastos" */ = {
			isa = XCConfigurationList;
			buildConfigurations = (
				52E63ED61ADB10F600916850 /* Debug */,
				52E63ED71ADB10F600916850 /* Release */,
			);
			defaultConfigurationIsVisible = 0;
			defaultConfigurationName = Release;
		};
		52E63ED81ADB10F600916850 /* Build configuration list for PBXNativeTarget "ProyectoCuentaGastos" */ = {
			isa = XCConfigurationList;
			buildConfigurations = (
				52E63ED91ADB10F600916850 /* Debug */,
				52E63EDA1ADB10F600916850 /* Release */,
			);
			defaultConfigurationIsVisible = 0;
			defaultConfigurationName = Release;
		};
		52E63EDB1ADB10F600916850 /* Build configuration list for PBXNativeTarget "ProyectoCuentaGastosTests" */ = {
			isa = XCConfigurationList;
			buildConfigurations = (
				52E63EDC1ADB10F600916850 /* Debug */,
				52E63EDD1ADB10F600916850 /* Release */,
			);
			defaultConfigurationIsVisible = 0;
			defaultConfigurationName = Release;
		};
/* End XCConfigurationList section */
	};
	rootObject = 52E63EAD1ADB10F500916850 /* Project object */;
}
